// !$*UTF8*$!
{
	archiveVersion = 1;
	classes = {
	};
	objectVersion = 46;
	objects = {

/* Begin PBXBuildFile section */
		1036486C1E320ED700F93381 /* AppDelegate.swift in Sources */ = {isa = PBXBuildFile; fileRef = 1036486B1E320ED700F93381 /* AppDelegate.swift */; };
		1036486E1E320ED700F93381 /* ViewController.swift in Sources */ = {isa = PBXBuildFile; fileRef = 1036486D1E320ED700F93381 /* ViewController.swift */; };
		103648711E320ED700F93381 /* Main.storyboard in Resources */ = {isa = PBXBuildFile; fileRef = 1036486F1E320ED700F93381 /* Main.storyboard */; };
		103648731E320ED700F93381 /* Assets.xcassets in Resources */ = {isa = PBXBuildFile; fileRef = 103648721E320ED700F93381 /* Assets.xcassets */; };
		103648761E320ED700F93381 /* LaunchScreen.storyboard in Resources */ = {isa = PBXBuildFile; fileRef = 103648741E320ED700F93381 /* LaunchScreen.storyboard */; };
		103648811E320ED800F93381 /* HelloWorldTests.swift in Sources */ = {isa = PBXBuildFile; fileRef = 103648801E320ED800F93381 /* HelloWorldTests.swift */; };
		1036488C1E320ED800F93381 /* HelloWorldUITests.swift in Sources */ = {isa = PBXBuildFile; fileRef = 1036488B1E320ED800F93381 /* HelloWorldUITests.swift */; };
/* End PBXBuildFile section */

/* Begin PBXContainerItemProxy section */
		1036487D1E320ED800F93381 /* PBXContainerItemProxy */ = {
			isa = PBXContainerItemProxy;
			containerPortal = 103648601E320ED500F93381 /* Project object */;
			proxyType = 1;
			remoteGlobalIDString = 103648671E320ED500F93381;
			remoteInfo = HelloWorld;
		};
		103648881E320ED800F93381 /* PBXContainerItemProxy */ = {
			isa = PBXContainerItemProxy;
			containerPortal = 103648601E320ED500F93381 /* Project object */;
			proxyType = 1;
			remoteGlobalIDString = 103648671E320ED500F93381;
			remoteInfo = HelloWorld;
		};
/* End PBXContainerItemProxy section */

/* Begin PBXFileReference section */
		103648681E320ED700F93381 /* HelloWorld.app */ = {isa = PBXFileReference; explicitFileType = wrapper.application; includeInIndex = 0; path = HelloWorld.app; sourceTree = BUILT_PRODUCTS_DIR; };
		1036486B1E320ED700F93381 /* AppDelegate.swift */ = {isa = PBXFileReference; lastKnownFileType = sourcecode.swift; path = AppDelegate.swift; sourceTree = "<group>"; };
		1036486D1E320ED700F93381 /* ViewController.swift */ = {isa = PBXFileReference; lastKnownFileType = sourcecode.swift; path = ViewController.swift; sourceTree = "<group>"; };
		103648701E320ED700F93381 /* Base */ = {isa = PBXFileReference; lastKnownFileType = file.storyboard; name = Base; path = Base.lproj/Main.storyboard; sourceTree = "<group>"; };
		103648721E320ED700F93381 /* Assets.xcassets */ = {isa = PBXFileReference; lastKnownFileType = folder.assetcatalog; path = Assets.xcassets; sourceTree = "<group>"; };
		103648751E320ED700F93381 /* Base */ = {isa = PBXFileReference; lastKnownFileType = file.storyboard; name = Base; path = Base.lproj/LaunchScreen.storyboard; sourceTree = "<group>"; };
		103648771E320ED700F93381 /* Info.plist */ = {isa = PBXFileReference; lastKnownFileType = text.plist.xml; path = Info.plist; sourceTree = "<group>"; };
		1036487C1E320ED800F93381 /* HelloWorldTests.xctest */ = {isa = PBXFileReference; explicitFileType = wrapper.cfbundle; includeInIndex = 0; path = HelloWorldTests.xctest; sourceTree = BUILT_PRODUCTS_DIR; };
		103648801E320ED800F93381 /* HelloWorldTests.swift */ = {isa = PBXFileReference; lastKnownFileType = sourcecode.swift; path = HelloWorldTests.swift; sourceTree = "<group>"; };
		103648821E320ED800F93381 /* Info.plist */ = {isa = PBXFileReference; lastKnownFileType = text.plist.xml; path = Info.plist; sourceTree = "<group>"; };
		103648871E320ED800F93381 /* HelloWorldUITests.xctest */ = {isa = PBXFileReference; explicitFileType = wrapper.cfbundle; includeInIndex = 0; path = HelloWorldUITests.xctest; sourceTree = BUILT_PRODUCTS_DIR; };
		1036488B1E320ED800F93381 /* HelloWorldUITests.swift */ = {isa = PBXFileReference; lastKnownFileType = sourcecode.swift; path = HelloWorldUITests.swift; sourceTree = "<group>"; };
		1036488D1E320ED800F93381 /* Info.plist */ = {isa = PBXFileReference; lastKnownFileType = text.plist.xml; path = Info.plist; sourceTree = "<group>"; };
/* End PBXFileReference section */

/* Begin PBXFrameworksBuildPhase section */
		103648651E320ED500F93381 /* Frameworks */ = {
			isa = PBXFrameworksBuildPhase;
			buildActionMask = 2147483647;
			files = (
			);
			runOnlyForDeploymentPostprocessing = 0;
		};
		103648791E320ED800F93381 /* Frameworks */ = {
			isa = PBXFrameworksBuildPhase;
			buildActionMask = 2147483647;
			files = (
			);
			runOnlyForDeploymentPostprocessing = 0;
		};
		103648841E320ED800F93381 /* Frameworks */ = {
			isa = PBXFrameworksBuildPhase;
			buildActionMask = 2147483647;
			files = (
			);
			runOnlyForDeploymentPostprocessing = 0;
		};
/* End PBXFrameworksBuildPhase section */

/* Begin PBXGroup section */
		1036485F1E320ED500F93381 = {
			isa = PBXGroup;
			children = (
				1036486A1E320ED700F93381 /* HelloWorld */,
				1036487F1E320ED800F93381 /* HelloWorldTests */,
				1036488A1E320ED800F93381 /* HelloWorldUITests */,
				103648691E320ED700F93381 /* Products */,
			);
			sourceTree = "<group>";
		};
		103648691E320ED700F93381 /* Products */ = {
			isa = PBXGroup;
			children = (
				103648681E320ED700F93381 /* HelloWorld.app */,
				1036487C1E320ED800F93381 /* HelloWorldTests.xctest */,
				103648871E320ED800F93381 /* HelloWorldUITests.xctest */,
			);
			name = Products;
			sourceTree = "<group>";
		};
		1036486A1E320ED700F93381 /* HelloWorld */ = {
			isa = PBXGroup;
			children = (
				1036486B1E320ED700F93381 /* AppDelegate.swift */,
				1036486D1E320ED700F93381 /* ViewController.swift */,
				1036486F1E320ED700F93381 /* Main.storyboard */,
				103648721E320ED700F93381 /* Assets.xcassets */,
				103648741E320ED700F93381 /* LaunchScreen.storyboard */,
				103648771E320ED700F93381 /* Info.plist */,
			);
			path = HelloWorld;
			sourceTree = "<group>";
		};
		1036487F1E320ED800F93381 /* HelloWorldTests */ = {
			isa = PBXGroup;
			children = (
				103648801E320ED800F93381 /* HelloWorldTests.swift */,
				103648821E320ED800F93381 /* Info.plist */,
			);
			path = HelloWorldTests;
			sourceTree = "<group>";
		};
		1036488A1E320ED800F93381 /* HelloWorldUITests */ = {
			isa = PBXGroup;
			children = (
				1036488B1E320ED800F93381 /* HelloWorldUITests.swift */,
				1036488D1E320ED800F93381 /* Info.plist */,
			);
			path = HelloWorldUITests;
			sourceTree = "<group>";
		};
/* End PBXGroup section */

/* Begin PBXNativeTarget section */
		103648671E320ED500F93381 /* HelloWorld */ = {
			isa = PBXNativeTarget;
			buildConfigurationList = 103648901E320ED800F93381 /* Build configuration list for PBXNativeTarget "HelloWorld" */;
			buildPhases = (
				103648641E320ED500F93381 /* Sources */,
				103648651E320ED500F93381 /* Frameworks */,
				103648661E320ED500F93381 /* Resources */,
			);
			buildRules = (
			);
			dependencies = (
			);
			name = HelloWorld;
			productName = HelloWorld;
			productReference = 103648681E320ED700F93381 /* HelloWorld.app */;
			productType = "com.apple.product-type.application";
		};
		1036487B1E320ED800F93381 /* HelloWorldTests */ = {
			isa = PBXNativeTarget;
			buildConfigurationList = 103648931E320ED800F93381 /* Build configuration list for PBXNativeTarget "HelloWorldTests" */;
			buildPhases = (
				103648781E320ED800F93381 /* Sources */,
				103648791E320ED800F93381 /* Frameworks */,
				1036487A1E320ED800F93381 /* Resources */,
			);
			buildRules = (
			);
			dependencies = (
				1036487E1E320ED800F93381 /* PBXTargetDependency */,
			);
			name = HelloWorldTests;
			productName = HelloWorldTests;
			productReference = 1036487C1E320ED800F93381 /* HelloWorldTests.xctest */;
			productType = "com.apple.product-type.bundle.unit-test";
		};
		103648861E320ED800F93381 /* HelloWorldUITests */ = {
			isa = PBXNativeTarget;
			buildConfigurationList = 103648961E320ED800F93381 /* Build configuration list for PBXNativeTarget "HelloWorldUITests" */;
			buildPhases = (
				103648831E320ED800F93381 /* Sources */,
				103648841E320ED800F93381 /* Frameworks */,
				103648851E320ED800F93381 /* Resources */,
			);
			buildRules = (
			);
			dependencies = (
				103648891E320ED800F93381 /* PBXTargetDependency */,
			);
			name = HelloWorldUITests;
			productName = HelloWorldUITests;
			productReference = 103648871E320ED800F93381 /* HelloWorldUITests.xctest */;
			productType = "com.apple.product-type.bundle.ui-testing";
		};
/* End PBXNativeTarget section */

/* Begin PBXProject section */
		103648601E320ED500F93381 /* Project object */ = {
			isa = PBXProject;
			attributes = {
				LastSwiftUpdateCheck = 0810;
				LastUpgradeCheck = 0810;
				ORGANIZATIONNAME = "新 真大";
				TargetAttributes = {
					103648671E320ED500F93381 = {
						CreatedOnToolsVersion = 8.1;
						ProvisioningStyle = Automatic;
					};
					1036487B1E320ED800F93381 = {
						CreatedOnToolsVersion = 8.1;
						ProvisioningStyle = Automatic;
						TestTargetID = 103648671E320ED500F93381;
					};
					103648861E320ED800F93381 = {
						CreatedOnToolsVersion = 8.1;
						ProvisioningStyle = Automatic;
						TestTargetID = 103648671E320ED500F93381;
					};
				};
			};
			buildConfigurationList = 103648631E320ED500F93381 /* Build configuration list for PBXProject "HelloWorld" */;
			compatibilityVersion = "Xcode 3.2";
			developmentRegion = English;
			hasScannedForEncodings = 0;
			knownRegions = (
				en,
				Base,
			);
			mainGroup = 1036485F1E320ED500F93381;
			productRefGroup = 103648691E320ED700F93381 /* Products */;
			projectDirPath = "";
			projectRoot = "";
			targets = (
				103648671E320ED500F93381 /* HelloWorld */,
				1036487B1E320ED800F93381 /* HelloWorldTests */,
				103648861E320ED800F93381 /* HelloWorldUITests */,
			);
		};
/* End PBXProject section */

/* Begin PBXResourcesBuildPhase section */
		103648661E320ED500F93381 /* Resources */ = {
			isa = PBXResourcesBuildPhase;
			buildActionMask = 2147483647;
			files = (
				103648761E320ED700F93381 /* LaunchScreen.storyboard in Resources */,
				103648731E320ED700F93381 /* Assets.xcassets in Resources */,
				103648711E320ED700F93381 /* Main.storyboard in Resources */,
			);
			runOnlyForDeploymentPostprocessing = 0;
		};
		1036487A1E320ED800F93381 /* Resources */ = {
			isa = PBXResourcesBuildPhase;
			buildActionMask = 2147483647;
			files = (
			);
			runOnlyForDeploymentPostprocessing = 0;
		};
		103648851E320ED800F93381 /* Resources */ = {
			isa = PBXResourcesBuildPhase;
			buildActionMask = 2147483647;
			files = (
			);
			runOnlyForDeploymentPostprocessing = 0;
		};
/* End PBXResourcesBuildPhase section */

/* Begin PBXSourcesBuildPhase section */
		103648641E320ED500F93381 /* Sources */ = {
			isa = PBXSourcesBuildPhase;
			buildActionMask = 2147483647;
			files = (
				1036486E1E320ED700F93381 /* ViewController.swift in Sources */,
				1036486C1E320ED700F93381 /* AppDelegate.swift in Sources */,
			);
			runOnlyForDeploymentPostprocessing = 0;
		};
		103648781E320ED800F93381 /* Sources */ = {
			isa = PBXSourcesBuildPhase;
			buildActionMask = 2147483647;
			files = (
				103648811E320ED800F93381 /* HelloWorldTests.swift in Sources */,
			);
			runOnlyForDeploymentPostprocessing = 0;
		};
		103648831E320ED800F93381 /* Sources */ = {
			isa = PBXSourcesBuildPhase;
			buildActionMask = 2147483647;
			files = (
				1036488C1E320ED800F93381 /* HelloWorldUITests.swift in Sources */,
			);
			runOnlyForDeploymentPostprocessing = 0;
		};
/* End PBXSourcesBuildPhase section */

/* Begin PBXTargetDependency section */
		1036487E1E320ED800F93381 /* PBXTargetDependency */ = {
			isa = PBXTargetDependency;
			target = 103648671E320ED500F93381 /* HelloWorld */;
			targetProxy = 1036487D1E320ED800F93381 /* PBXContainerItemProxy */;
		};
		103648891E320ED800F93381 /* PBXTargetDependency */ = {
			isa = PBXTargetDependency;
			target = 103648671E320ED500F93381 /* HelloWorld */;
			targetProxy = 103648881E320ED800F93381 /* PBXContainerItemProxy */;
		};
/* End PBXTargetDependency section */

/* Begin PBXVariantGroup section */
		1036486F1E320ED700F93381 /* Main.storyboard */ = {
			isa = PBXVariantGroup;
			children = (
				103648701E320ED700F93381 /* Base */,
			);
			name = Main.storyboard;
			sourceTree = "<group>";
		};
		103648741E320ED700F93381 /* LaunchScreen.storyboard */ = {
			isa = PBXVariantGroup;
			children = (
				103648751E320ED700F93381 /* Base */,
			);
			name = LaunchScreen.storyboard;
			sourceTree = "<group>";
		};
/* End PBXVariantGroup section */

/* Begin XCBuildConfiguration section */
		1036488E1E320ED800F93381 /* Debug */ = {
			isa = XCBuildConfiguration;
			buildSettings = {
				ALWAYS_SEARCH_USER_PATHS = NO;
				CLANG_ANALYZER_NONNULL = YES;
				CLANG_CXX_LANGUAGE_STANDARD = "gnu++0x";
				CLANG_CXX_LIBRARY = "libc++";
				CLANG_ENABLE_MODULES = YES;
				CLANG_ENABLE_OBJC_ARC = YES;
				CLANG_WARN_BOOL_CONVERSION = YES;
				CLANG_WARN_CONSTANT_CONVERSION = YES;
				CLANG_WARN_DIRECT_OBJC_ISA_USAGE = YES_ERROR;
				CLANG_WARN_DOCUMENTATION_COMMENTS = YES;
				CLANG_WARN_EMPTY_BODY = YES;
				CLANG_WARN_ENUM_CONVERSION = YES;
				CLANG_WARN_INFINITE_RECURSION = YES;
				CLANG_WARN_INT_CONVERSION = YES;
				CLANG_WARN_OBJC_ROOT_CLASS = YES_ERROR;
				CLANG_WARN_SUSPICIOUS_MOVES = YES;
				CLANG_WARN_UNREACHABLE_CODE = YES;
				CLANG_WARN__DUPLICATE_METHOD_MATCH = YES;
				"CODE_SIGN_IDENTITY[sdk=iphoneos*]" = "iPhone Developer";
				COPY_PHASE_STRIP = NO;
				DEBUG_INFORMATION_FORMAT = dwarf;
				ENABLE_STRICT_OBJC_MSGSEND = YES;
				ENABLE_TESTABILITY = YES;
				GCC_C_LANGUAGE_STANDARD = gnu99;
				GCC_DYNAMIC_NO_PIC = NO;
				GCC_NO_COMMON_BLOCKS = YES;
				GCC_OPTIMIZATION_LEVEL = 0;
				GCC_PREPROCESSOR_DEFINITIONS = (
					"DEBUG=1",
					"$(inherited)",
				);
				GCC_WARN_64_TO_32_BIT_CONVERSION = YES;
				GCC_WARN_ABOUT_RETURN_TYPE = YES_ERROR;
				GCC_WARN_UNDECLARED_SELECTOR = YES;
				GCC_WARN_UNINITIALIZED_AUTOS = YES_AGGRESSIVE;
				GCC_WARN_UNUSED_FUNCTION = YES;
				GCC_WARN_UNUSED_VARIABLE = YES;
				IPHONEOS_DEPLOYMENT_TARGET = 10.1;
				MTL_ENABLE_DEBUG_INFO = YES;
				ONLY_ACTIVE_ARCH = YES;
				SDKROOT = iphoneos;
				SWIFT_ACTIVE_COMPILATION_CONDITIONS = DEBUG;
				SWIFT_OPTIMIZATION_LEVEL = "-Onone";
			};
			name = Debug;
		};
		1036488F1E320ED800F93381 /* Release */ = {
			isa = XCBuildConfiguration;
			buildSettings = {
				ALWAYS_SEARCH_USER_PATHS = NO;
				CLANG_ANALYZER_NONNULL = YES;
				CLANG_CXX_LANGUAGE_STANDARD = "gnu++0x";
				CLANG_CXX_LIBRARY = "libc++";
				CLANG_ENABLE_MODULES = YES;
				CLANG_ENABLE_OBJC_ARC = YES;
				CLANG_WARN_BOOL_CONVERSION = YES;
				CLANG_WARN_CONSTANT_CONVERSION = YES;
				CLANG_WARN_DIRECT_OBJC_ISA_USAGE = YES_ERROR;
				CLANG_WARN_DOCUMENTATION_COMMENTS = YES;
				CLANG_WARN_EMPTY_BODY = YES;
				CLANG_WARN_ENUM_CONVERSION = YES;
				CLANG_WARN_INFINITE_RECURSION = YES;
				CLANG_WARN_INT_CONVERSION = YES;
				CLANG_WARN_OBJC_ROOT_CLASS = YES_ERROR;
				CLANG_WARN_SUSPICIOUS_MOVES = YES;
				CLANG_WARN_UNREACHABLE_CODE = YES;
				CLANG_WARN__DUPLICATE_METHOD_MATCH = YES;
				"CODE_SIGN_IDENTITY[sdk=iphoneos*]" = "iPhone Developer";
				COPY_PHASE_STRIP = NO;
				DEBUG_INFORMATION_FORMAT = "dwarf-with-dsym";
				ENABLE_NS_ASSERTIONS = NO;
				ENABLE_STRICT_OBJC_MSGSEND = YES;
				GCC_C_LANGUAGE_STANDARD = gnu99;
				GCC_NO_COMMON_BLOCKS = YES;
				GCC_WARN_64_TO_32_BIT_CONVERSION = YES;
				GCC_WARN_ABOUT_RETURN_TYPE = YES_ERROR;
				GCC_WARN_UNDECLARED_SELECTOR = YES;
				GCC_WARN_UNINITIALIZED_AUTOS = YES_AGGRESSIVE;
				GCC_WARN_UNUSED_FUNCTION = YES;
				GCC_WARN_UNUSED_VARIABLE = YES;
				IPHONEOS_DEPLOYMENT_TARGET = 10.1;
				MTL_ENABLE_DEBUG_INFO = NO;
				SDKROOT = iphoneos;
				SWIFT_OPTIMIZATION_LEVEL = "-Owholemodule";
				VALIDATE_PRODUCT = YES;
			};
			name = Release;
		};
		103648911E320ED800F93381 /* Debug */ = {
			isa = XCBuildConfiguration;
			buildSettings = {
				ASSETCATALOG_COMPILER_APPICON_NAME = AppIcon;
				INFOPLIST_FILE = HelloWorld/Info.plist;
				LD_RUNPATH_SEARCH_PATHS = "$(inherited) @executable_path/Frameworks";
				PRODUCT_BUNDLE_IDENTIFIER = jp.techacademy.masahiro.atarashi.HelloWorld;
				PRODUCT_NAME = "$(TARGET_NAME)";
				SWIFT_VERSION = 3.0;
			};
			name = Debug;
		};
		103648921E320ED800F93381 /* Release */ = {
			isa = XCBuildConfiguration;
			buildSettings = {
				ASSETCATALOG_COMPILER_APPICON_NAME = AppIcon;
				INFOPLIST_FILE = HelloWorld/Info.plist;
				LD_RUNPATH_SEARCH_PATHS = "$(inherited) @executable_path/Frameworks";
				PRODUCT_BUNDLE_IDENTIFIER = jp.techacademy.masahiro.atarashi.HelloWorld;
				PRODUCT_NAME = "$(TARGET_NAME)";
				SWIFT_VERSION = 3.0;
			};
			name = Release;
		};
		103648941E320ED800F93381 /* Debug */ = {
			isa = XCBuildConfiguration;
			buildSettings = {
				ALWAYS_EMBED_SWIFT_STANDARD_LIBRARIES = YES;
				BUNDLE_LOADER = "$(TEST_HOST)";
				INFOPLIST_FILE = HelloWorldTests/Info.plist;
				LD_RUNPATH_SEARCH_PATHS = "$(inherited) @executable_path/Frameworks @loader_path/Frameworks";
				PRODUCT_BUNDLE_IDENTIFIER = jp.techacademy.masahiro.atarashi.HelloWorldTests;
				PRODUCT_NAME = "$(TARGET_NAME)";
				SWIFT_VERSION = 3.0;
				TEST_HOST = "$(BUILT_PRODUCTS_DIR)/HelloWorld.app/HelloWorld";
			};
			name = Debug;
		};
		103648951E320ED800F93381 /* Release */ = {
			isa = XCBuildConfiguration;
			buildSettings = {
				ALWAYS_EMBED_SWIFT_STANDARD_LIBRARIES = YES;
				BUNDLE_LOADER = "$(TEST_HOST)";
				INFOPLIST_FILE = HelloWorldTests/Info.plist;
				LD_RUNPATH_SEARCH_PATHS = "$(inherited) @executable_path/Frameworks @loader_path/Frameworks";
				PRODUCT_BUNDLE_IDENTIFIER = jp.techacademy.masahiro.atarashi.HelloWorldTests;
				PRODUCT_NAME = "$(TARGET_NAME)";
				SWIFT_VERSION = 3.0;
				TEST_HOST = "$(BUILT_PRODUCTS_DIR)/HelloWorld.app/HelloWorld";
			};
			name = Release;
		};
		103648971E320ED800F93381 /* Debug */ = {
			isa = XCBuildConfiguration;
			buildSettings = {
				ALWAYS_EMBED_SWIFT_STANDARD_LIBRARIES = YES;
				INFOPLIST_FILE = HelloWorldUITests/Info.plist;
				LD_RUNPATH_SEARCH_PATHS = "$(inherited) @executable_path/Frameworks @loader_path/Frameworks";
				PRODUCT_BUNDLE_IDENTIFIER = jp.techacademy.masahiro.atarashi.HelloWorldUITests;
				PRODUCT_NAME = "$(TARGET_NAME)";
				SWIFT_VERSION = 3.0;
				TEST_TARGET_NAME = HelloWorld;
			};
			name = Debug;
		};
		103648981E320ED800F93381 /* Release */ = {
			isa = XCBuildConfiguration;
			buildSettings = {
				ALWAYS_EMBED_SWIFT_STANDARD_LIBRARIES = YES;
				INFOPLIST_FILE = HelloWorldUITests/Info.plist;
				LD_RUNPATH_SEARCH_PATHS = "$(inherited) @executable_path/Frameworks @loader_path/Frameworks";
				PRODUCT_BUNDLE_IDENTIFIER = jp.techacademy.masahiro.atarashi.HelloWorldUITests;
				PRODUCT_NAME = "$(TARGET_NAME)";
				SWIFT_VERSION = 3.0;
				TEST_TARGET_NAME = HelloWorld;
			};
			name = Release;
		};
/* End XCBuildConfiguration section */

/* Begin XCConfigurationList section */
		103648631E320ED500F93381 /* Build configuration list for PBXProject "HelloWorld" */ = {
			isa = XCConfigurationList;
			buildConfigurations = (
				1036488E1E320ED800F93381 /* Debug */,
				1036488F1E320ED800F93381 /* Release */,
			);
			defaultConfigurationIsVisible = 0;
			defaultConfigurationName = Release;
		};
		103648901E320ED800F93381 /* Build configuration list for PBXNativeTarget "HelloWorld" */ = {
			isa = XCConfigurationList;
			buildConfigurations = (
				103648911E320ED800F93381 /* Debug */,
				103648921E320ED800F93381 /* Release */,
			);
			defaultConfigurationIsVisible = 0;
		};
		103648931E320ED800F93381 /* Build configuration list for PBXNativeTarget "HelloWorldTests" */ = {
			isa = XCConfigurationList;
			buildConfigurations = (
				103648941E320ED800F93381 /* Debug */,
				103648951E320ED800F93381 /* Release */,
			);
			defaultConfigurationIsVisible = 0;
		};
		103648961E320ED800F93381 /* Build configuration list for PBXNativeTarget "HelloWorldUITests" */ = {
			isa = XCConfigurationList;
			buildConfigurations = (
				103648971E320ED800F93381 /* Debug */,
				103648981E320ED800F93381 /* Release */,
			);
			defaultConfigurationIsVisible = 0;
		};
/* End XCConfigurationList section */
	};
	rootObject = 103648601E320ED500F93381 /* Project object */;
}
